
Microsoft Visual Studio Solution File, Format Version 12.00
# Visual Studio 15
VisualStudioVersion = 15.0.26730.16
MinimumVisualStudioVersion = 10.0.40219.1
Project("{FAE04EC0-301F-11D3-BF4B-00C04F79EFBC}") = "FavouriteAnimal", "FavouriteAnimal.csproj", "{67ADABD7-B5D1-438A-9755-0A85E8936272}"
EndProject
Global
	GlobalSection(SolutionConfigurationPlatforms) = preSolution
		Debug|Any CPU = Debug|Any CPU
		Release|Any CPU = Release|Any CPU
	EndGlobalSection
	GlobalSection(ProjectConfigurationPlatforms) = postSolution
		{67ADABD7-B5D1-438A-9755-0A85E8936272}.Debug|Any CPU.ActiveCfg = Debug|Any CPU
		{67ADABD7-B5D1-438A-9755-0A85E8936272}.Debug|Any CPU.Build.0 = Debug|Any CPU
		{67ADABD7-B5D1-438A-9755-0A85E8936272}.Release|Any CPU.ActiveCfg = Release|Any CPU
		{67ADABD7-B5D1-438A-9755-0A85E8936272}.Release|Any CPU.Build.0 = Release|Any CPU
	EndGlobalSection
	GlobalSection(SolutionProperties) = preSolution
		HideSolutionNode = FALSE
	EndGlobalSection
	GlobalSection(ExtensibilityGlobals) = postSolution
		SolutionGuid = {4448D6E8-1413-4F55-A884-6A852341C710}
	EndGlobalSection
EndGlobal
